
Microsoft Visual Studio Solution File, Format Version 12.00
# Visual Studio Version 17
VisualStudioVersion = 17.14.36623.8 d17.14
MinimumVisualStudioVersion = 10.0.40219.1
Project("{FAE04EC0-301F-11D3-BF4B-00C04F79EFBC}") = "PacsTest", "PacsTest.csproj", "{105333DB-EB62-4FD3-A52E-8FB29ADF81AF}"
EndProject
Global
	GlobalSection(SolutionConfigurationPlatforms) = preSolution
		Debug|Any CPU = Debug|Any CPU
		Release|Any CPU = Release|Any CPU
	EndGlobalSection
	GlobalSection(ProjectConfigurationPlatforms) = postSolution
		{105333DB-EB62-4FD3-A52E-8FB29ADF81AF}.Debug|Any CPU.ActiveCfg = Debug|Any CPU
		{105333DB-EB62-4FD3-A52E-8FB29ADF81AF}.Debug|Any CPU.Build.0 = Debug|Any CPU
		{105333DB-EB62-4FD3-A52E-8FB29ADF81AF}.Release|Any CPU.ActiveCfg = Release|Any CPU
		{105333DB-EB62-4FD3-A52E-8FB29ADF81AF}.Release|Any CPU.Build.0 = Release|Any CPU
	EndGlobalSection
	GlobalSection(SolutionProperties) = preSolution
		HideSolutionNode = FALSE
	EndGlobalSection
	GlobalSection(ExtensibilityGlobals) = postSolution
		SolutionGuid = {00350870-60A4-4BB3-ABB6-994434A4590C}
	EndGlobalSection
EndGlobal
